
Microsoft Visual Studio Solution File, Format Version 12.00
# Visual Studio Version 17
VisualStudioVersion = 17.8.34525.116
MinimumVisualStudioVersion = 10.0.40219.1
Project("{FAE04EC0-301F-11D3-BF4B-00C04F79EFBC}") = "SwimmingSchoolWebApplication", "SwimmingSchoolWebApplication\SwimmingSchoolWebApplication.csproj", "{54868F1D-1875-4794-9AC6-CBA32DE30FBE}"
EndProject
Global
	GlobalSection(SolutionConfigurationPlatforms) = preSolution
		Debug|Any CPU = Debug|Any CPU
		Release|Any CPU = Release|Any CPU
	EndGlobalSection
	GlobalSection(ProjectConfigurationPlatforms) = postSolution
		{54868F1D-1875-4794-9AC6-CBA32DE30FBE}.Debug|Any CPU.ActiveCfg = Debug|Any CPU
		{54868F1D-1875-4794-9AC6-CBA32DE30FBE}.Debug|Any CPU.Build.0 = Debug|Any CPU
		{54868F1D-1875-4794-9AC6-CBA32DE30FBE}.Release|Any CPU.ActiveCfg = Release|Any CPU
		{54868F1D-1875-4794-9AC6-CBA32DE30FBE}.Release|Any CPU.Build.0 = Release|Any CPU
	EndGlobalSection
	GlobalSection(SolutionProperties) = preSolution
		HideSolutionNode = FALSE
	EndGlobalSection
	GlobalSection(ExtensibilityGlobals) = postSolution
		SolutionGuid = {2A80FB67-4303-4140-90DD-94811A072FA5}
	EndGlobalSection
EndGlobal
